
Microsoft Visual Studio Solution File, Format Version 12.00
# Visual Studio Version 17
VisualStudioVersion = 17.4.33213.308
MinimumVisualStudioVersion = 10.0.40219.1
Project("{FAE04EC0-301F-11D3-BF4B-00C04F79EFBC}") = "Shop", "Shop\Shop.csproj", "{DDD60D9B-FB41-43EE-9F13-3574FF5F6324}"
EndProject
Global
	GlobalSection(SolutionConfigurationPlatforms) = preSolution
		Debug|Any CPU = Debug|Any CPU
		Release|Any CPU = Release|Any CPU
	EndGlobalSection
	GlobalSection(ProjectConfigurationPlatforms) = postSolution
		{DDD60D9B-FB41-43EE-9F13-3574FF5F6324}.Debug|Any CPU.ActiveCfg = Debug|Any CPU
		{DDD60D9B-FB41-43EE-9F13-3574FF5F6324}.Debug|Any CPU.Build.0 = Debug|Any CPU
		{DDD60D9B-FB41-43EE-9F13-3574FF5F6324}.Release|Any CPU.ActiveCfg = Release|Any CPU
		{DDD60D9B-FB41-43EE-9F13-3574FF5F6324}.Release|Any CPU.Build.0 = Release|Any CPU
	EndGlobalSection
	GlobalSection(SolutionProperties) = preSolution
		HideSolutionNode = FALSE
	EndGlobalSection
	GlobalSection(ExtensibilityGlobals) = postSolution
		SolutionGuid = {E597EE4A-696D-45A5-A575-7B4CDE056607}
	EndGlobalSection
EndGlobal
